// !$*UTF8*$!
{
	archiveVersion = 1;
	classes = {
	};
	objectVersion = 56;
	objects = {

/* Begin PBXBuildFile section */
		EE32E96A28DA25C6003E00F1 /* AppDelegate.swift in Sources */ = {isa = PBXBuildFile; fileRef = EE32E96928DA25C6003E00F1 /* AppDelegate.swift */; };
		EE32E96C28DA25C6003E00F1 /* SceneDelegate.swift in Sources */ = {isa = PBXBuildFile; fileRef = EE32E96B28DA25C6003E00F1 /* SceneDelegate.swift */; };
		EE32E96E28DA25C6003E00F1 /* ViewController.swift in Sources */ = {isa = PBXBuildFile; fileRef = EE32E96D28DA25C6003E00F1 /* ViewController.swift */; };
		EE32E97128DA25C6003E00F1 /* Main.storyboard in Resources */ = {isa = PBXBuildFile; fileRef = EE32E96F28DA25C6003E00F1 /* Main.storyboard */; };
		EE32E97328DA25C6003E00F1 /* Assets.xcassets in Resources */ = {isa = PBXBuildFile; fileRef = EE32E97228DA25C6003E00F1 /* Assets.xcassets */; };
		EE32E97628DA25C6003E00F1 /* LaunchScreen.storyboard in Resources */ = {isa = PBXBuildFile; fileRef = EE32E97428DA25C6003E00F1 /* LaunchScreen.storyboard */; };
		EEB3ED1B28DA4C4A00B7ACC7 /* PaddingLabel.swift in Sources */ = {isa = PBXBuildFile; fileRef = EEB3ED1A28DA4C4A00B7ACC7 /* PaddingLabel.swift */; };
		EEC2F7EC28E6668F008FB887 /* OperandStack.swift in Sources */ = {isa = PBXBuildFile; fileRef = EEC2F7EB28E6668F008FB887 /* OperandStack.swift */; };
		EEC2F7EE28E667A2008FB887 /* OperatorStack.swift in Sources */ = {isa = PBXBuildFile; fileRef = EEC2F7ED28E667A2008FB887 /* OperatorStack.swift */; };
		EEC2F7F028E68EAF008FB887 /* GlobalStack.swift in Sources */ = {isa = PBXBuildFile; fileRef = EEC2F7EF28E68EAF008FB887 /* GlobalStack.swift */; };
/* End PBXBuildFile section */

/* Begin PBXFileReference section */
		EE32E96628DA25C6003E00F1 /* MAPD714F2022-group2-assignment2.app */ = {isa = PBXFileReference; explicitFileType = wrapper.application; includeInIndex = 0; path = "MAPD714F2022-group2-assignment2.app"; sourceTree = BUILT_PRODUCTS_DIR; };
		EE32E96928DA25C6003E00F1 /* AppDelegate.swift */ = {isa = PBXFileReference; lastKnownFileType = sourcecode.swift; path = AppDelegate.swift; sourceTree = "<group>"; };
		EE32E96B28DA25C6003E00F1 /* SceneDelegate.swift */ = {isa = PBXFileReference; lastKnownFileType = sourcecode.swift; path = SceneDelegate.swift; sourceTree = "<group>"; };
		EE32E96D28DA25C6003E00F1 /* ViewController.swift */ = {isa = PBXFileReference; lastKnownFileType = sourcecode.swift; path = ViewController.swift; sourceTree = "<group>"; };
		EE32E97028DA25C6003E00F1 /* Base */ = {isa = PBXFileReference; lastKnownFileType = file.storyboard; name = Base; path = Base.lproj/Main.storyboard; sourceTree = "<group>"; };
		EE32E97228DA25C6003E00F1 /* Assets.xcassets */ = {isa = PBXFileReference; lastKnownFileType = folder.assetcatalog; path = Assets.xcassets; sourceTree = "<group>"; };
		EE32E97528DA25C6003E00F1 /* Base */ = {isa = PBXFileReference; lastKnownFileType = file.storyboard; name = Base; path = Base.lproj/LaunchScreen.storyboard; sourceTree = "<group>"; };
		EE32E97728DA25C6003E00F1 /* Info.plist */ = {isa = PBXFileReference; lastKnownFileType = text.plist.xml; path = Info.plist; sourceTree = "<group>"; };
		EEB3ED1A28DA4C4A00B7ACC7 /* PaddingLabel.swift */ = {isa = PBXFileReference; lastKnownFileType = sourcecode.swift; path = PaddingLabel.swift; sourceTree = "<group>"; };
		EEC2F7EB28E6668F008FB887 /* OperandStack.swift */ = {isa = PBXFileReference; lastKnownFileType = sourcecode.swift; path = OperandStack.swift; sourceTree = "<group>"; };
		EEC2F7ED28E667A2008FB887 /* OperatorStack.swift */ = {isa = PBXFileReference; lastKnownFileType = sourcecode.swift; path = OperatorStack.swift; sourceTree = "<group>"; };
		EEC2F7EF28E68EAF008FB887 /* GlobalStack.swift */ = {isa = PBXFileReference; lastKnownFileType = sourcecode.swift; path = GlobalStack.swift; sourceTree = "<group>"; };
/* End PBXFileReference section */

/* Begin PBXFrameworksBuildPhase section */
		EE32E96328DA25C6003E00F1 /* Frameworks */ = {
			isa = PBXFrameworksBuildPhase;
			buildActionMask = 2147483647;
			files = (
			);
			runOnlyForDeploymentPostprocessing = 0;
		};
/* End PBXFrameworksBuildPhase section */

/* Begin PBXGroup section */
		EE32E95D28DA25C6003E00F1 = {
			isa = PBXGroup;
			children = (
				EE32E96828DA25C6003E00F1 /* MAPD714F2022-group2-assignment2 */,
				EE32E96728DA25C6003E00F1 /* Products */,
			);
			sourceTree = "<group>";
		};
		EE32E96728DA25C6003E00F1 /* Products */ = {
			isa = PBXGroup;
			children = (
				EE32E96628DA25C6003E00F1 /* MAPD714F2022-group2-assignment2.app */,
			);
			name = Products;
			sourceTree = "<group>";
		};
		EE32E96828DA25C6003E00F1 /* MAPD714F2022-group2-assignment2 */ = {
			isa = PBXGroup;
			children = (
				EE32E96928DA25C6003E00F1 /* AppDelegate.swift */,
				EE32E96B28DA25C6003E00F1 /* SceneDelegate.swift */,
				EE32E96D28DA25C6003E00F1 /* ViewController.swift */,
				EEC2F7EB28E6668F008FB887 /* OperandStack.swift */,
				EEC2F7ED28E667A2008FB887 /* OperatorStack.swift */,
				EEC2F7EF28E68EAF008FB887 /* GlobalStack.swift */,
				EE32E96F28DA25C6003E00F1 /* Main.storyboard */,
				EE32E97228DA25C6003E00F1 /* Assets.xcassets */,
				EE32E97428DA25C6003E00F1 /* LaunchScreen.storyboard */,
				EE32E97728DA25C6003E00F1 /* Info.plist */,
				EEB3ED1A28DA4C4A00B7ACC7 /* PaddingLabel.swift */,
			);
			path = "MAPD714F2022-group2-assignment2";
			sourceTree = "<group>";
		};
/* End PBXGroup section */

/* Begin PBXNativeTarget section */
		EE32E96528DA25C6003E00F1 /* MAPD714F2022-group2-assignment2 */ = {
			isa = PBXNativeTarget;
			buildConfigurationList = EE32E99028DA25C7003E00F1 /* Build configuration list for PBXNativeTarget "MAPD714F2022-group2-assignment2" */;
			buildPhases = (
				EE32E96228DA25C6003E00F1 /* Sources */,
				EE32E96328DA25C6003E00F1 /* Frameworks */,
				EE32E96428DA25C6003E00F1 /* Resources */,
			);
			buildRules = (
			);
			dependencies = (
			);
			name = "MAPD714F2022-group2-assignment2";
			productName = "MAPD714F2022-group2-assignment1";
			productReference = EE32E96628DA25C6003E00F1 /* MAPD714F2022-group2-assignment2.app */;
			productType = "com.apple.product-type.application";
		};
/* End PBXNativeTarget section */

/* Begin PBXProject section */
		EE32E95E28DA25C6003E00F1 /* Project object */ = {
			isa = PBXProject;
			attributes = {
				BuildIndependentTargetsInParallel = 1;
				LastSwiftUpdateCheck = 1400;
				LastUpgradeCheck = 1400;
				TargetAttributes = {
					EE32E96528DA25C6003E00F1 = {
						CreatedOnToolsVersion = 14.0;
					};
				};
			};
			buildConfigurationList = EE32E96128DA25C6003E00F1 /* Build configuration list for PBXProject "MAPD714F2022-group2-assignment2" */;
			compatibilityVersion = "Xcode 14.0";
			developmentRegion = en;
			hasScannedForEncodings = 0;
			knownRegions = (
				en,
				Base,
			);
			mainGroup = EE32E95D28DA25C6003E00F1;
			productRefGroup = EE32E96728DA25C6003E00F1 /* Products */;
			projectDirPath = "";
			projectRoot = "";
			targets = (
				EE32E96528DA25C6003E00F1 /* MAPD714F2022-group2-assignment2 */,
			);
		};
/* End PBXProject section */

/* Begin PBXResourcesBuildPhase section */
		EE32E96428DA25C6003E00F1 /* Resources */ = {
			isa = PBXResourcesBuildPhase;
			buildActionMask = 2147483647;
			files = (
				EE32E97628DA25C6003E00F1 /* LaunchScreen.storyboard in Resources */,
				EE32E97328DA25C6003E00F1 /* Assets.xcassets in Resources */,
				EE32E97128DA25C6003E00F1 /* Main.storyboard in Resources */,
			);
			runOnlyForDeploymentPostprocessing = 0;
		};
/* End PBXResourcesBuildPhase section */

/* Begin PBXSourcesBuildPhase section */
		EE32E96228DA25C6003E00F1 /* Sources */ = {
			isa = PBXSourcesBuildPhase;
			buildActionMask = 2147483647;
			files = (
				EEB3ED1B28DA4C4A00B7ACC7 /* PaddingLabel.swift in Sources */,
				EE32E96E28DA25C6003E00F1 /* ViewController.swift in Sources */,
				EE32E96A28DA25C6003E00F1 /* AppDelegate.swift in Sources */,
				EEC2F7EC28E6668F008FB887 /* OperandStack.swift in Sources */,
				EEC2F7F028E68EAF008FB887 /* GlobalStack.swift in Sources */,
				EEC2F7EE28E667A2008FB887 /* OperatorStack.swift in Sources */,
				EE32E96C28DA25C6003E00F1 /* SceneDelegate.swift in Sources */,
			);
			runOnlyForDeploymentPostprocessing = 0;
		};
/* End PBXSourcesBuildPhase section */

/* Begin PBXVariantGroup section */
		EE32E96F28DA25C6003E00F1 /* Main.storyboard */ = {
			isa = PBXVariantGroup;
			children = (
				EE32E97028DA25C6003E00F1 /* Base */,
			);
			name = Main.storyboard;
			sourceTree = "<group>";
		};
		EE32E97428DA25C6003E00F1 /* LaunchScreen.storyboard */ = {
			isa = PBXVariantGroup;
			children = (
				EE32E97528DA25C6003E00F1 /* Base */,
			);
			name = LaunchScreen.storyboard;
			sourceTree = "<group>";
		};
/* End PBXVariantGroup section */

/* Begin XCBuildConfiguration section */
		EE32E98E28DA25C7003E00F1 /* Debug */ = {
			isa = XCBuildConfiguration;
			buildSettings = {
				ALWAYS_SEARCH_USER_PATHS = NO;
				CLANG_ANALYZER_NONNULL = YES;
				CLANG_ANALYZER_NUMBER_OBJECT_CONVERSION = YES_AGGRESSIVE;
				CLANG_CXX_LANGUAGE_STANDARD = "gnu++20";
				CLANG_ENABLE_MODULES = YES;
				CLANG_ENABLE_OBJC_ARC = YES;
				CLANG_ENABLE_OBJC_WEAK = YES;
				CLANG_WARN_BLOCK_CAPTURE_AUTORELEASING = YES;
				CLANG_WARN_BOOL_CONVERSION = YES;
				CLANG_WARN_COMMA = YES;
				CLANG_WARN_CONSTANT_CONVERSION = YES;
				CLANG_WARN_DEPRECATED_OBJC_IMPLEMENTATIONS = YES;
				CLANG_WARN_DIRECT_OBJC_ISA_USAGE = YES_ERROR;
				CLANG_WARN_DOCUMENTATION_COMMENTS = YES;
				CLANG_WARN_EMPTY_BODY = YES;
				CLANG_WARN_ENUM_CONVERSION = YES;
				CLANG_WARN_INFINITE_RECURSION = YES;
				CLANG_WARN_INT_CONVERSION = YES;
				CLANG_WARN_NON_LITERAL_NULL_CONVERSION = YES;
				CLANG_WARN_OBJC_IMPLICIT_RETAIN_SELF = YES;
				CLANG_WARN_OBJC_LITERAL_CONVERSION = YES;
				CLANG_WARN_OBJC_ROOT_CLASS = YES_ERROR;
				CLANG_WARN_QUOTED_INCLUDE_IN_FRAMEWORK_HEADER = YES;
				CLANG_WARN_RANGE_LOOP_ANALYSIS = YES;
				CLANG_WARN_STRICT_PROTOTYPES = YES;
				CLANG_WARN_SUSPICIOUS_MOVE = YES;
				CLANG_WARN_UNGUARDED_AVAILABILITY = YES_AGGRESSIVE;
				CLANG_WARN_UNREACHABLE_CODE = YES;
				CLANG_WARN__DUPLICATE_METHOD_MATCH = YES;
				COPY_PHASE_STRIP = NO;
				DEBUG_INFORMATION_FORMAT = dwarf;
				ENABLE_STRICT_OBJC_MSGSEND = YES;
				ENABLE_TESTABILITY = YES;
				GCC_C_LANGUAGE_STANDARD = gnu11;
				GCC_DYNAMIC_NO_PIC = NO;
				GCC_NO_COMMON_BLOCKS = YES;
				GCC_OPTIMIZATION_LEVEL = 0;
				GCC_PREPROCESSOR_DEFINITIONS = (
					"DEBUG=1",
					"$(inherited)",
				);
				GCC_WARN_64_TO_32_BIT_CONVERSION = YES;
				GCC_WARN_ABOUT_RETURN_TYPE = YES_ERROR;
				GCC_WARN_UNDECLARED_SELECTOR = YES;
				GCC_WARN_UNINITIALIZED_AUTOS = YES_AGGRESSIVE;
				GCC_WARN_UNUSED_FUNCTION = YES;
				GCC_WARN_UNUSED_VARIABLE = YES;
				IPHONEOS_DEPLOYMENT_TARGET = 16.0;
				MTL_ENABLE_DEBUG_INFO = INCLUDE_SOURCE;
				MTL_FAST_MATH = YES;
				ONLY_ACTIVE_ARCH = YES;
				SDKROOT = iphoneos;
				SWIFT_ACTIVE_COMPILATION_CONDITIONS = DEBUG;
				SWIFT_OPTIMIZATION_LEVEL = "-Onone";
			};
			name = Debug;
		};
		EE32E98F28DA25C7003E00F1 /* Release */ = {
			isa = XCBuildConfiguration;
			buildSettings = {
				ALWAYS_SEARCH_USER_PATHS = NO;
				CLANG_ANALYZER_NONNULL = YES;
				CLANG_ANALYZER_NUMBER_OBJECT_CONVERSION = YES_AGGRESSIVE;
				CLANG_CXX_LANGUAGE_STANDARD = "gnu++20";
				CLANG_ENABLE_MODULES = YES;
				CLANG_ENABLE_OBJC_ARC = YES;
				CLANG_ENABLE_OBJC_WEAK = YES;
				CLANG_WARN_BLOCK_CAPTURE_AUTORELEASING = YES;
				CLANG_WARN_BOOL_CONVERSION = YES;
				CLANG_WARN_COMMA = YES;
				CLANG_WARN_CONSTANT_CONVERSION = YES;
				CLANG_WARN_DEPRECATED_OBJC_IMPLEMENTATIONS = YES;
				CLANG_WARN_DIRECT_OBJC_ISA_USAGE = YES_ERROR;
				CLANG_WARN_DOCUMENTATION_COMMENTS = YES;
				CLANG_WARN_EMPTY_BODY = YES;
				CLANG_WARN_ENUM_CONVERSION = YES;
				CLANG_WARN_INFINITE_RECURSION = YES;
				CLANG_WARN_INT_CONVERSION = YES;
				CLANG_WARN_NON_LITERAL_NULL_CONVERSION = YES;
				CLANG_WARN_OBJC_IMPLICIT_RETAIN_SELF = YES;
				CLANG_WARN_OBJC_LITERAL_CONVERSION = YES;
				CLANG_WARN_OBJC_ROOT_CLASS = YES_ERROR;
				CLANG_WARN_QUOTED_INCLUDE_IN_FRAMEWORK_HEADER = YES;
				CLANG_WARN_RANGE_LOOP_ANALYSIS = YES;
				CLANG_WARN_STRICT_PROTOTYPES = YES;
				CLANG_WARN_SUSPICIOUS_MOVE = YES;
				CLANG_WARN_UNGUARDED_AVAILABILITY = YES_AGGRESSIVE;
				CLANG_WARN_UNREACHABLE_CODE = YES;
				CLANG_WARN__DUPLICATE_METHOD_MATCH = YES;
				COPY_PHASE_STRIP = NO;
				DEBUG_INFORMATION_FORMAT = "dwarf-with-dsym";
				ENABLE_NS_ASSERTIONS = NO;
				ENABLE_STRICT_OBJC_MSGSEND = YES;
				GCC_C_LANGUAGE_STANDARD = gnu11;
				GCC_NO_COMMON_BLOCKS = YES;
				GCC_WARN_64_TO_32_BIT_CONVERSION = YES;
				GCC_WARN_ABOUT_RETURN_TYPE = YES_ERROR;
				GCC_WARN_UNDECLARED_SELECTOR = YES;
				GCC_WARN_UNINITIALIZED_AUTOS = YES_AGGRESSIVE;
				GCC_WARN_UNUSED_FUNCTION = YES;
				GCC_WARN_UNUSED_VARIABLE = YES;
				IPHONEOS_DEPLOYMENT_TARGET = 16.0;
				MTL_ENABLE_DEBUG_INFO = NO;
				MTL_FAST_MATH = YES;
				SDKROOT = iphoneos;
				SWIFT_COMPILATION_MODE = wholemodule;
				SWIFT_OPTIMIZATION_LEVEL = "-O";
				VALIDATE_PRODUCT = YES;
			};
			name = Release;
		};
		EE32E99128DA25C7003E00F1 /* Debug */ = {
			isa = XCBuildConfiguration;
			buildSettings = {
				ASSETCATALOG_COMPILER_APPICON_NAME = AppIcon;
				ASSETCATALOG_COMPILER_GLOBAL_ACCENT_COLOR_NAME = AccentColor;
				CODE_SIGN_STYLE = Automatic;
				CURRENT_PROJECT_VERSION = 1;
				DEVELOPMENT_TEAM = 83L2H5L732;
				GENERATE_INFOPLIST_FILE = YES;
				INFOPLIST_FILE = "MAPD714F2022-group2-assignment2/Info.plist";
				INFOPLIST_KEY_UIApplicationSupportsIndirectInputEvents = YES;
				INFOPLIST_KEY_UILaunchStoryboardName = LaunchScreen;
				INFOPLIST_KEY_UIMainStoryboardFile = Main;
				INFOPLIST_KEY_UISupportedInterfaceOrientations_iPad = "UIInterfaceOrientationPortrait UIInterfaceOrientationPortraitUpsideDown UIInterfaceOrientationLandscapeLeft UIInterfaceOrientationLandscapeRight";
				INFOPLIST_KEY_UISupportedInterfaceOrientations_iPhone = "UIInterfaceOrientationPortrait UIInterfaceOrientationLandscapeLeft UIInterfaceOrientationLandscapeRight";
				LD_RUNPATH_SEARCH_PATHS = (
					"$(inherited)",
					"@executable_path/Frameworks",
				);
				MARKETING_VERSION = 1.0;
				PRODUCT_BUNDLE_IDENTIFIER = "com.tutorial.MAPD714F2022-group2-assignment2";
				PRODUCT_NAME = "$(TARGET_NAME)";
				SWIFT_EMIT_LOC_STRINGS = YES;
				SWIFT_VERSION = 5.0;
				TARGETED_DEVICE_FAMILY = "1,2";
			};
			name = Debug;
		};
		EE32E99228DA25C7003E00F1 /* Release */ = {
			isa = XCBuildConfiguration;
			buildSettings = {
				ASSETCATALOG_COMPILER_APPICON_NAME = AppIcon;
				ASSETCATALOG_COMPILER_GLOBAL_ACCENT_COLOR_NAME = AccentColor;
				CODE_SIGN_STYLE = Automatic;
				CURRENT_PROJECT_VERSION = 1;
				DEVELOPMENT_TEAM = 83L2H5L732;
				GENERATE_INFOPLIST_FILE = YES;
				INFOPLIST_FILE = "MAPD714F2022-group2-assignment2/Info.plist";
				INFOPLIST_KEY_UIApplicationSupportsIndirectInputEvents = YES;
				INFOPLIST_KEY_UILaunchStoryboardName = LaunchScreen;
				INFOPLIST_KEY_UIMainStoryboardFile = Main;
				INFOPLIST_KEY_UISupportedInterfaceOrientations_iPad = "UIInterfaceOrientationPortrait UIInterfaceOrientationPortraitUpsideDown UIInterfaceOrientationLandscapeLeft UIInterfaceOrientationLandscapeRight";
				INFOPLIST_KEY_UISupportedInterfaceOrientations_iPhone = "UIInterfaceOrientationPortrait UIInterfaceOrientationLandscapeLeft UIInterfaceOrientationLandscapeRight";
				LD_RUNPATH_SEARCH_PATHS = (
					"$(inherited)",
					"@executable_path/Frameworks",
				);
				MARKETING_VERSION = 1.0;
				PRODUCT_BUNDLE_IDENTIFIER = "com.tutorial.MAPD714F2022-group2-assignment2";
				PRODUCT_NAME = "$(TARGET_NAME)";
				SWIFT_EMIT_LOC_STRINGS = YES;
				SWIFT_VERSION = 5.0;
				TARGETED_DEVICE_FAMILY = "1,2";
			};
			name = Release;
		};
/* End XCBuildConfiguration section */

/* Begin XCConfigurationList section */
		EE32E96128DA25C6003E00F1 /* Build configuration list for PBXProject "MAPD714F2022-group2-assignment2" */ = {
			isa = XCConfigurationList;
			buildConfigurations = (
				EE32E98E28DA25C7003E00F1 /* Debug */,
				EE32E98F28DA25C7003E00F1 /* Release */,
			);
			defaultConfigurationIsVisible = 0;
			defaultConfigurationName = Release;
		};
		EE32E99028DA25C7003E00F1 /* Build configuration list for PBXNativeTarget "MAPD714F2022-group2-assignment2" */ = {
			isa = XCConfigurationList;
			buildConfigurations = (
				EE32E99128DA25C7003E00F1 /* Debug */,
				EE32E99228DA25C7003E00F1 /* Release */,
			);
			defaultConfigurationIsVisible = 0;
			defaultConfigurationName = Release;
		};
/* End XCConfigurationList section */
	};
	rootObject = EE32E95E28DA25C6003E00F1 /* Project object */;
}
